Microsoft Visual Studio Solution File, Format Version 12.00
# Visual Studio Version 17
VisualStudioVersion = 17.5.2.0
MinimumVisualStudioVersion = 10.0.40219.1
Project("{FAE04EC0-301F-11D3-BF4B-00C04F79EFBC}") = "RankingPilotos", "RankingPilotos.csproj", "{7A2E572E-432A-6A77-36FA-0FAA77F73498}"
EndProject
Global
	GlobalSection(SolutionConfigurationPlatforms) = preSolution
		Debug|Any CPU = Debug|Any CPU
		Release|Any CPU = Release|Any CPU
	EndGlobalSection
	GlobalSection(ProjectConfigurationPlatforms) = postSolution
		{7A2E572E-432A-6A77-36FA-0FAA77F73498}.Debug|Any CPU.ActiveCfg = Debug|Any CPU
		{7A2E572E-432A-6A77-36FA-0FAA77F73498}.Debug|Any CPU.Build.0 = Debug|Any CPU
		{7A2E572E-432A-6A77-36FA-0FAA77F73498}.Release|Any CPU.ActiveCfg = Release|Any CPU
		{7A2E572E-432A-6A77-36FA-0FAA77F73498}.Release|Any CPU.Build.0 = Release|Any CPU
	EndGlobalSection
	GlobalSection(SolutionProperties) = preSolution
		HideSolutionNode = FALSE
	EndGlobalSection
	GlobalSection(ExtensibilityGlobals) = postSolution
		SolutionGuid = {AB068624-D62C-43D6-9C0F-2B2D1E584B06}
	EndGlobalSection
EndGlobal
